
Microsoft Visual Studio Solution File, Format Version 12.00
# Visual Studio 15
VisualStudioVersion = 15.0.28010.2036
MinimumVisualStudioVersion = 10.0.40219.1
Project("{FAE04EC0-301F-11D3-BF4B-00C04F79EFBC}") = "Calculator[BETA]", "Calculator[BETA]\Calculator[BETA].csproj", "{77A0D384-59A8-4970-93B8-2FF1C682A399}"
EndProject
Global
	GlobalSection(SolutionConfigurationPlatforms) = preSolution
		Debug|Any CPU = Debug|Any CPU
		Release|Any CPU = Release|Any CPU
	EndGlobalSection
	GlobalSection(ProjectConfigurationPlatforms) = postSolution
		{77A0D384-59A8-4970-93B8-2FF1C682A399}.Debug|Any CPU.ActiveCfg = Debug|Any CPU
		{77A0D384-59A8-4970-93B8-2FF1C682A399}.Debug|Any CPU.Build.0 = Debug|Any CPU
		{77A0D384-59A8-4970-93B8-2FF1C682A399}.Release|Any CPU.ActiveCfg = Release|Any CPU
		{77A0D384-59A8-4970-93B8-2FF1C682A399}.Release|Any CPU.Build.0 = Release|Any CPU
	EndGlobalSection
	GlobalSection(SolutionProperties) = preSolution
		HideSolutionNode = FALSE
	EndGlobalSection
	GlobalSection(ExtensibilityGlobals) = postSolution
		SolutionGuid = {6F1C1745-E92E-413A-BAE8-114ECEE3ABCA}
	EndGlobalSection
EndGlobal
